
Microsoft Visual Studio Solution File, Format Version 12.00
# Visual Studio Version 16
VisualStudioVersion = 16.0.29409.12
MinimumVisualStudioVersion = 10.0.40219.1
Project("{FAE04EC0-301F-11D3-BF4B-00C04F79EFBC}") = "Skid Labels", "Skid Labels\Skid Labels.csproj", "{CEF60836-6322-4DEF-AB5E-4E545CC4ACAC}"
EndProject
Global
	GlobalSection(SolutionConfigurationPlatforms) = preSolution
		Debug|Any CPU = Debug|Any CPU
		Release|Any CPU = Release|Any CPU
	EndGlobalSection
	GlobalSection(ProjectConfigurationPlatforms) = postSolution
		{CEF60836-6322-4DEF-AB5E-4E545CC4ACAC}.Debug|Any CPU.ActiveCfg = Debug|Any CPU
		{CEF60836-6322-4DEF-AB5E-4E545CC4ACAC}.Debug|Any CPU.Build.0 = Debug|Any CPU
		{CEF60836-6322-4DEF-AB5E-4E545CC4ACAC}.Release|Any CPU.ActiveCfg = Release|Any CPU
		{CEF60836-6322-4DEF-AB5E-4E545CC4ACAC}.Release|Any CPU.Build.0 = Release|Any CPU
	EndGlobalSection
	GlobalSection(SolutionProperties) = preSolution
		HideSolutionNode = FALSE
	EndGlobalSection
	GlobalSection(ExtensibilityGlobals) = postSolution
		SolutionGuid = {DCF9CA49-C8C0-48FA-AD79-B304F6A52D47}
	EndGlobalSection
EndGlobal
